
Microsoft Visual Studio Solution File, Format Version 12.00
# Visual Studio 15
VisualStudioVersion = 15.0.26228.4
MinimumVisualStudioVersion = 10.0.40219.1
Project("{FAE04EC0-301F-11D3-BF4B-00C04F79EFBC}") = "IdentityApp", "IdentityApp\IdentityApp.csproj", "{953E9FAA-EBF2-49AD-B8D6-FC7C43D769DF}"
EndProject
Global
	GlobalSection(SolutionConfigurationPlatforms) = preSolution
		Debug|Any CPU = Debug|Any CPU
		Release|Any CPU = Release|Any CPU
	EndGlobalSection
	GlobalSection(ProjectConfigurationPlatforms) = postSolution
		{953E9FAA-EBF2-49AD-B8D6-FC7C43D769DF}.Debug|Any CPU.ActiveCfg = Debug|Any CPU
		{953E9FAA-EBF2-49AD-B8D6-FC7C43D769DF}.Debug|Any CPU.Build.0 = Debug|Any CPU
		{953E9FAA-EBF2-49AD-B8D6-FC7C43D769DF}.Release|Any CPU.ActiveCfg = Release|Any CPU
		{953E9FAA-EBF2-49AD-B8D6-FC7C43D769DF}.Release|Any CPU.Build.0 = Release|Any CPU
	EndGlobalSection
	GlobalSection(SolutionProperties) = preSolution
		HideSolutionNode = FALSE
	EndGlobalSection
EndGlobal
